PODS:
  - Alamofire (5.5.0)
  - KakaoSDKAuth (2.8.6):
    - KakaoSDKCommon (= 2.8.6)
  - KakaoSDKCommon (2.8.6):
    - KakaoSDKCommon/Common (= 2.8.6)
    - KakaoSDKCommon/Network (= 2.8.6)
  - KakaoSDKCommon/Common (2.8.6)
  - KakaoSDKCommon/Network (2.8.6):
    - Alamofire (~> 5.1)
    - KakaoSDKCommon/Common (= 2.8.6)
  - KakaoSDKUser (2.8.6):
    - KakaoSDKAuth (= 2.8.6)
  - NMapsMap (3.14.1)

DEPENDENCIES:
  - KakaoSDKAuth
  - KakaoSDKCommon
  - KakaoSDKUser
  - NMapsMap

SPEC REPOS:
  trunk:
    - Alamofire
    - KakaoSDKAuth
    - KakaoSDKCommon
    - KakaoSDKUser
    - NMapsMap

SPEC CHECKSUMS:
  Alamofire: 1c4fb5369c3fe93d2857c780d8bbe09f06f97e7c
  KakaoSDKAuth: 53e747a3bf343a3f3e87b14478d5a865d6c2acae
  KakaoSDKCommon: 7e56600ff4c1bd82bed93fea4299b5a37f47e6a5
  KakaoSDKUser: e79480355fa789f42e628dfba359fc21e9914f4c
  NMapsMap: 79bae4e0d7cc5214dd6dabdb95687a1356616556

PODFILE CHECKSUM: d344aaacaf33bd3dc25bc7843322c5d5fb251831

COCOAPODS: 1.11.2
